// !$*UTF8*$!
{
	archiveVersion = 1;
	classes = {
	};
	objectVersion = 46;
	objects = {

/* Begin PBXBuildFile section */
		03510FDD1B1CB4CE007EA388 /* UnzipWithProgress.h in Headers */ = {isa = PBXBuildFile; fileRef = 03510FDB1B1CB4CE007EA388 /* UnzipWithProgress.h */; settings = {ATTRIBUTES = (Public, ); }; };
		03510FDE1B1CB4CE007EA388 /* UnzipWithProgress.h in Headers */ = {isa = PBXBuildFile; fileRef = 03510FDB1B1CB4CE007EA388 /* UnzipWithProgress.h */; settings = {ATTRIBUTES = (Public, ); }; };
		03510FDF1B1CB4CE007EA388 /* UnzipWithProgress.mm in Sources */ = {isa = PBXBuildFile; fileRef = 03510FDC1B1CB4CE007EA388 /* UnzipWithProgress.mm */; };
		03510FE01B1CB4CE007EA388 /* UnzipWithProgress.mm in Sources */ = {isa = PBXBuildFile; fileRef = 03510FDC1B1CB4CE007EA388 /* UnzipWithProgress.mm */; };
		03510FE21B1CB578007EA388 /* ProgressDelegate.h in Headers */ = {isa = PBXBuildFile; fileRef = 03510FE11B1CB578007EA388 /* ProgressDelegate.h */; settings = {ATTRIBUTES = (Public, ); }; };
		03510FE31B1CB578007EA388 /* ProgressDelegate.h in Headers */ = {isa = PBXBuildFile; fileRef = 03510FE11B1CB578007EA388 /* ProgressDelegate.h */; settings = {ATTRIBUTES = (Public, ); }; };
		03510FFF1B21CF8D007EA388 /* ZipProgressBase.h in Headers */ = {isa = PBXBuildFile; fileRef = 03510FFD1B21CF8D007EA388 /* ZipProgressBase.h */; settings = {ATTRIBUTES = (Public, ); }; };
		035110001B21CF8D007EA388 /* ZipProgressBase.h in Headers */ = {isa = PBXBuildFile; fileRef = 03510FFD1B21CF8D007EA388 /* ZipProgressBase.h */; settings = {ATTRIBUTES = (Public, ); }; };
		035110011B21CF8D007EA388 /* ZipProgressBase.mm in Sources */ = {isa = PBXBuildFile; fileRef = 03510FFE1B21CF8D007EA388 /* ZipProgressBase.mm */; };
		035110021B21CF8D007EA388 /* ZipProgressBase.mm in Sources */ = {isa = PBXBuildFile; fileRef = 03510FFE1B21CF8D007EA388 /* ZipProgressBase.mm */; };
		EAA4E3BF14FD56B70025B561 /* Foundation.framework in Frameworks */ = {isa = PBXBuildFile; fileRef = EAA4E3BE14FD56B70025B561 /* Foundation.framework */; };
		EAA4E3E514FD58920025B561 /* ioapi.c in Sources */ = {isa = PBXBuildFile; fileRef = EAA4E3D314FD58920025B561 /* ioapi.c */; };
		EAA4E3E614FD58920025B561 /* ioapi.h in Headers */ = {isa = PBXBuildFile; fileRef = EAA4E3D414FD58920025B561 /* ioapi.h */; };
		EAA4E3E914FD58920025B561 /* unzip.c in Sources */ = {isa = PBXBuildFile; fileRef = EAA4E3D714FD58920025B561 /* unzip.c */; };
		EAA4E3EA14FD58920025B561 /* unzip.h in Headers */ = {isa = PBXBuildFile; fileRef = EAA4E3D814FD58920025B561 /* unzip.h */; };
		EAA4E3EB14FD58920025B561 /* zip.c in Sources */ = {isa = PBXBuildFile; fileRef = EAA4E3D914FD58920025B561 /* zip.c */; };
		EAA4E3EC14FD58920025B561 /* zip.h in Headers */ = {isa = PBXBuildFile; fileRef = EAA4E3DA14FD58920025B561 /* zip.h */; };
		EAA4E3ED14FD58920025B561 /* FileInZipInfo.h in Headers */ = {isa = PBXBuildFile; fileRef = EAA4E3DB14FD58920025B561 /* FileInZipInfo.h */; };
		EAA4E3EE14FD58920025B561 /* FileInZipInfo.m in Sources */ = {isa = PBXBuildFile; fileRef = EAA4E3DC14FD58920025B561 /* FileInZipInfo.m */; };
		EAA4E3EF14FD58920025B561 /* ZipException.h in Headers */ = {isa = PBXBuildFile; fileRef = EAA4E3DD14FD58920025B561 /* ZipException.h */; };
		EAA4E3F014FD58920025B561 /* ZipException.m in Sources */ = {isa = PBXBuildFile; fileRef = EAA4E3DE14FD58920025B561 /* ZipException.m */; };
		EAA4E3F114FD58920025B561 /* ZipFile.h in Headers */ = {isa = PBXBuildFile; fileRef = EAA4E3DF14FD58920025B561 /* ZipFile.h */; };
		EAA4E3F214FD58920025B561 /* ZipFile.m in Sources */ = {isa = PBXBuildFile; fileRef = EAA4E3E014FD58920025B561 /* ZipFile.m */; };
		EAA4E3F314FD58920025B561 /* ZipReadStream.h in Headers */ = {isa = PBXBuildFile; fileRef = EAA4E3E114FD58920025B561 /* ZipReadStream.h */; };
		EAA4E3F414FD58920025B561 /* ZipReadStream.m in Sources */ = {isa = PBXBuildFile; fileRef = EAA4E3E214FD58920025B561 /* ZipReadStream.m */; };
		EAA4E3F514FD58920025B561 /* ZipWriteStream.h in Headers */ = {isa = PBXBuildFile; fileRef = EAA4E3E314FD58920025B561 /* ZipWriteStream.h */; };
		EAA4E3F614FD58920025B561 /* ZipWriteStream.m in Sources */ = {isa = PBXBuildFile; fileRef = EAA4E3E414FD58920025B561 /* ZipWriteStream.m */; };
		ED4430A91B18CFDF007A3256 /* ZipWithProgress.h in Headers */ = {isa = PBXBuildFile; fileRef = ED4430A71B18CFDF007A3256 /* ZipWithProgress.h */; settings = {ATTRIBUTES = (Public, ); }; };
		ED4430AA1B18CFDF007A3256 /* ZipWithProgress.mm in Sources */ = {isa = PBXBuildFile; fileRef = ED4430A81B18CFDF007A3256 /* ZipWithProgress.mm */; };
		ED4430AD1B191090007A3256 /* ioapi.c in Sources */ = {isa = PBXBuildFile; fileRef = EAA4E3D314FD58920025B561 /* ioapi.c */; };
		ED4430AF1B191090007A3256 /* unzip.c in Sources */ = {isa = PBXBuildFile; fileRef = EAA4E3D714FD58920025B561 /* unzip.c */; };
		ED4430B01B191090007A3256 /* zip.c in Sources */ = {isa = PBXBuildFile; fileRef = EAA4E3D914FD58920025B561 /* zip.c */; };
		ED4430B11B191090007A3256 /* ZipWithProgress.mm in Sources */ = {isa = PBXBuildFile; fileRef = ED4430A81B18CFDF007A3256 /* ZipWithProgress.mm */; };
		ED4430B21B191090007A3256 /* FileInZipInfo.m in Sources */ = {isa = PBXBuildFile; fileRef = EAA4E3DC14FD58920025B561 /* FileInZipInfo.m */; };
		ED4430B31B191090007A3256 /* ZipException.m in Sources */ = {isa = PBXBuildFile; fileRef = EAA4E3DE14FD58920025B561 /* ZipException.m */; };
		ED4430B41B191090007A3256 /* ZipFile.m in Sources */ = {isa = PBXBuildFile; fileRef = EAA4E3E014FD58920025B561 /* ZipFile.m */; };
		ED4430B51B191090007A3256 /* ZipReadStream.m in Sources */ = {isa = PBXBuildFile; fileRef = EAA4E3E214FD58920025B561 /* ZipReadStream.m */; };
		ED4430B61B191090007A3256 /* ZipWriteStream.m in Sources */ = {isa = PBXBuildFile; fileRef = EAA4E3E414FD58920025B561 /* ZipWriteStream.m */; };
		ED4430B81B191090007A3256 /* Foundation.framework in Frameworks */ = {isa = PBXBuildFile; fileRef = EAA4E3BE14FD56B70025B561 /* Foundation.framework */; };
		ED4430BA1B191090007A3256 /* ioapi.h in Headers */ = {isa = PBXBuildFile; fileRef = EAA4E3D414FD58920025B561 /* ioapi.h */; };
		ED4430BC1B191090007A3256 /* unzip.h in Headers */ = {isa = PBXBuildFile; fileRef = EAA4E3D814FD58920025B561 /* unzip.h */; };
		ED4430BD1B191090007A3256 /* zip.h in Headers */ = {isa = PBXBuildFile; fileRef = EAA4E3DA14FD58920025B561 /* zip.h */; };
		ED4430BE1B191090007A3256 /* FileInZipInfo.h in Headers */ = {isa = PBXBuildFile; fileRef = EAA4E3DB14FD58920025B561 /* FileInZipInfo.h */; settings = {ATTRIBUTES = (Public, ); }; };
		ED4430BF1B191090007A3256 /* ZipException.h in Headers */ = {isa = PBXBuildFile; fileRef = EAA4E3DD14FD58920025B561 /* ZipException.h */; settings = {ATTRIBUTES = (Public, ); }; };
		ED4430C01B191090007A3256 /* ZipFile.h in Headers */ = {isa = PBXBuildFile; fileRef = EAA4E3DF14FD58920025B561 /* ZipFile.h */; settings = {ATTRIBUTES = (Public, ); }; };
		ED4430C11B191090007A3256 /* ZipReadStream.h in Headers */ = {isa = PBXBuildFile; fileRef = EAA4E3E114FD58920025B561 /* ZipReadStream.h */; settings = {ATTRIBUTES = (Public, ); }; };
		ED4430C21B191090007A3256 /* ZipWriteStream.h in Headers */ = {isa = PBXBuildFile; fileRef = EAA4E3E314FD58920025B561 /* ZipWriteStream.h */; settings = {ATTRIBUTES = (Public, ); }; };
		ED4430C31B191090007A3256 /* ZipWithProgress.h in Headers */ = {isa = PBXBuildFile; fileRef = ED4430A71B18CFDF007A3256 /* ZipWithProgress.h */; settings = {ATTRIBUTES = (Public, ); }; };
		EDBCB5E41B1E5E4300C41248 /* crypt.h in Headers */ = {isa = PBXBuildFile; fileRef = EDBCB5E31B1E5E4300C41248 /* crypt.h */; };
		EDBCB5E51B1E5E4300C41248 /* crypt.h in Headers */ = {isa = PBXBuildFile; fileRef = EDBCB5E31B1E5E4300C41248 /* crypt.h */; };
/* End PBXBuildFile section */

/* Begin PBXFileReference section */
		03510FDB1B1CB4CE007EA388 /* UnzipWithProgress.h */ = {isa = PBXFileReference; fileEncoding = 4; lastKnownFileType = sourcecode.c.h; path = UnzipWithProgress.h; sourceTree = "<group>"; };
		03510FDC1B1CB4CE007EA388 /* UnzipWithProgress.mm */ = {isa = PBXFileReference; fileEncoding = 4; lastKnownFileType = sourcecode.cpp.objcpp; path = UnzipWithProgress.mm; sourceTree = "<group>"; };
		03510FE11B1CB578007EA388 /* ProgressDelegate.h */ = {isa = PBXFileReference; fileEncoding = 4; lastKnownFileType = sourcecode.c.h; path = ProgressDelegate.h; sourceTree = "<group>"; };
		03510FFD1B21CF8D007EA388 /* ZipProgressBase.h */ = {isa = PBXFileReference; fileEncoding = 4; lastKnownFileType = sourcecode.c.h; path = ZipProgressBase.h; sourceTree = "<group>"; };
		03510FFE1B21CF8D007EA388 /* ZipProgressBase.mm */ = {isa = PBXFileReference; fileEncoding = 4; lastKnownFileType = sourcecode.cpp.objcpp; path = ZipProgressBase.mm; sourceTree = "<group>"; };
		EAA4E3BB14FD56B70025B561 /* libObjective-Zip.a */ = {isa = PBXFileReference; explicitFileType = archive.ar; includeInIndex = 0; path = "libObjective-Zip.a"; sourceTree = BUILT_PRODUCTS_DIR; };
		EAA4E3BE14FD56B70025B561 /* Foundation.framework */ = {isa = PBXFileReference; lastKnownFileType = wrapper.framework; name = Foundation.framework; path = System/Library/Frameworks/Foundation.framework; sourceTree = SDKROOT; };
		EAA4E3C214FD56B70025B561 /* Objective-Zip-Prefix.pch */ = {isa = PBXFileReference; lastKnownFileType = sourcecode.c.h; path = "Objective-Zip-Prefix.pch"; sourceTree = "<group>"; };
		EAA4E3D314FD58920025B561 /* ioapi.c */ = {isa = PBXFileReference; fileEncoding = 4; lastKnownFileType = sourcecode.c.c; path = ioapi.c; sourceTree = "<group>"; };
		EAA4E3D414FD58920025B561 /* ioapi.h */ = {isa = PBXFileReference; fileEncoding = 4; lastKnownFileType = sourcecode.c.h; path = ioapi.h; sourceTree = "<group>"; };
		EAA4E3D714FD58920025B561 /* unzip.c */ = {isa = PBXFileReference; fileEncoding = 4; lastKnownFileType = sourcecode.c.c; path = unzip.c; sourceTree = "<group>"; };
		EAA4E3D814FD58920025B561 /* unzip.h */ = {isa = PBXFileReference; fileEncoding = 4; lastKnownFileType = sourcecode.c.h; path = unzip.h; sourceTree = "<group>"; };
		EAA4E3D914FD58920025B561 /* zip.c */ = {isa = PBXFileReference; fileEncoding = 4; lastKnownFileType = sourcecode.c.c; path = zip.c; sourceTree = "<group>"; };
		EAA4E3DA14FD58920025B561 /* zip.h */ = {isa = PBXFileReference; fileEncoding = 4; lastKnownFileType = sourcecode.c.h; path = zip.h; sourceTree = "<group>"; };
		EAA4E3DB14FD58920025B561 /* FileInZipInfo.h */ = {isa = PBXFileReference; fileEncoding = 4; lastKnownFileType = sourcecode.c.h; path = FileInZipInfo.h; sourceTree = "<group>"; };
		EAA4E3DC14FD58920025B561 /* FileInZipInfo.m */ = {isa = PBXFileReference; fileEncoding = 4; lastKnownFileType = sourcecode.c.objc; path = FileInZipInfo.m; sourceTree = "<group>"; };
		EAA4E3DD14FD58920025B561 /* ZipException.h */ = {isa = PBXFileReference; fileEncoding = 4; lastKnownFileType = sourcecode.c.h; path = ZipException.h; sourceTree = "<group>"; };
		EAA4E3DE14FD58920025B561 /* ZipException.m */ = {isa = PBXFileReference; fileEncoding = 4; lastKnownFileType = sourcecode.c.objc; path = ZipException.m; sourceTree = "<group>"; };
		EAA4E3DF14FD58920025B561 /* ZipFile.h */ = {isa = PBXFileReference; fileEncoding = 4; lastKnownFileType = sourcecode.c.h; path = ZipFile.h; sourceTree = "<group>"; };
		EAA4E3E014FD58920025B561 /* ZipFile.m */ = {isa = PBXFileReference; fileEncoding = 4; lastKnownFileType = sourcecode.c.objc; path = ZipFile.m; sourceTree = "<group>"; };
		EAA4E3E114FD58920025B561 /* ZipReadStream.h */ = {isa = PBXFileReference; fileEncoding = 4; lastKnownFileType = sourcecode.c.h; path = ZipReadStream.h; sourceTree = "<group>"; };
		EAA4E3E214FD58920025B561 /* ZipReadStream.m */ = {isa = PBXFileReference; fileEncoding = 4; lastKnownFileType = sourcecode.c.objc; path = ZipReadStream.m; sourceTree = "<group>"; };
		EAA4E3E314FD58920025B561 /* ZipWriteStream.h */ = {isa = PBXFileReference; fileEncoding = 4; lastKnownFileType = sourcecode.c.h; path = ZipWriteStream.h; sourceTree = "<group>"; };
		EAA4E3E414FD58920025B561 /* ZipWriteStream.m */ = {isa = PBXFileReference; fileEncoding = 4; lastKnownFileType = sourcecode.c.objc; path = ZipWriteStream.m; sourceTree = "<group>"; };
		ED4430A71B18CFDF007A3256 /* ZipWithProgress.h */ = {isa = PBXFileReference; fileEncoding = 4; lastKnownFileType = sourcecode.c.h; path = ZipWithProgress.h; sourceTree = "<group>"; };
		ED4430A81B18CFDF007A3256 /* ZipWithProgress.mm */ = {isa = PBXFileReference; fileEncoding = 4; lastKnownFileType = sourcecode.cpp.objcpp; path = ZipWithProgress.mm; sourceTree = "<group>"; };
		ED4430C81B191090007A3256 /* libObjective-Zip-OSX.a */ = {isa = PBXFileReference; explicitFileType = archive.ar; includeInIndex = 0; path = "libObjective-Zip-OSX.a"; sourceTree = BUILT_PRODUCTS_DIR; };
		EDBCB5E31B1E5E4300C41248 /* crypt.h */ = {isa = PBXFileReference; fileEncoding = 4; lastKnownFileType = sourcecode.c.h; path = crypt.h; sourceTree = "<group>"; };
/* End PBXFileReference section */

/* Begin PBXFrameworksBuildPhase section */
		EAA4E3B814FD56B70025B561 /* Frameworks */ = {
			isa = PBXFrameworksBuildPhase;
			buildActionMask = 2147483647;
			files = (
				EAA4E3BF14FD56B70025B561 /* Foundation.framework in Frameworks */,
			);
			runOnlyForDeploymentPostprocessing = 0;
		};
		ED4430B71B191090007A3256 /* Frameworks */ = {
			isa = PBXFrameworksBuildPhase;
			buildActionMask = 2147483647;
			files = (
				ED4430B81B191090007A3256 /* Foundation.framework in Frameworks */,
			);
			runOnlyForDeploymentPostprocessing = 0;
		};
/* End PBXFrameworksBuildPhase section */

/* Begin PBXGroup section */
		EAA4E3B014FD56B70025B561 = {
			isa = PBXGroup;
			children = (
				EAA4E3D114FD58920025B561 /* MiniZip */,
				EAA4E3D214FD58920025B561 /* Objective-Zip */,
				EAA4E3C114FD56B70025B561 /* Supporting Files */,
				EAA4E3BD14FD56B70025B561 /* Frameworks */,
				EAA4E3BC14FD56B70025B561 /* Products */,
			);
			sourceTree = "<group>";
		};
		EAA4E3BC14FD56B70025B561 /* Products */ = {
			isa = PBXGroup;
			children = (
				EAA4E3BB14FD56B70025B561 /* libObjective-Zip.a */,
				ED4430C81B191090007A3256 /* libObjective-Zip-OSX.a */,
			);
			name = Products;
			sourceTree = "<group>";
		};
		EAA4E3BD14FD56B70025B561 /* Frameworks */ = {
			isa = PBXGroup;
			children = (
				EAA4E3BE14FD56B70025B561 /* Foundation.framework */,
			);
			name = Frameworks;
			sourceTree = "<group>";
		};
		EAA4E3C114FD56B70025B561 /* Supporting Files */ = {
			isa = PBXGroup;
			children = (
				EAA4E3C214FD56B70025B561 /* Objective-Zip-Prefix.pch */,
			);
			name = "Supporting Files";
			path = ObjectiveZipLib;
			sourceTree = "<group>";
		};
		EAA4E3D114FD58920025B561 /* MiniZip */ = {
			isa = PBXGroup;
			children = (
				EDBCB5E31B1E5E4300C41248 /* crypt.h */,
				EAA4E3D314FD58920025B561 /* ioapi.c */,
				EAA4E3D414FD58920025B561 /* ioapi.h */,
				EAA4E3D714FD58920025B561 /* unzip.c */,
				EAA4E3D814FD58920025B561 /* unzip.h */,
				EAA4E3D914FD58920025B561 /* zip.c */,
				EAA4E3DA14FD58920025B561 /* zip.h */,
			);
			path = MiniZip;
			sourceTree = "<group>";
		};
		EAA4E3D214FD58920025B561 /* Objective-Zip */ = {
			isa = PBXGroup;
			children = (
				EAA4E3DB14FD58920025B561 /* FileInZipInfo.h */,
				EAA4E3DC14FD58920025B561 /* FileInZipInfo.m */,
				03510FE11B1CB578007EA388 /* ProgressDelegate.h */,
				03510FDB1B1CB4CE007EA388 /* UnzipWithProgress.h */,
				03510FDC1B1CB4CE007EA388 /* UnzipWithProgress.mm */,
				EAA4E3DD14FD58920025B561 /* ZipException.h */,
				EAA4E3DE14FD58920025B561 /* ZipException.m */,
				EAA4E3DF14FD58920025B561 /* ZipFile.h */,
				EAA4E3E014FD58920025B561 /* ZipFile.m */,
				03510FFD1B21CF8D007EA388 /* ZipProgressBase.h */,
				03510FFE1B21CF8D007EA388 /* ZipProgressBase.mm */,
				EAA4E3E114FD58920025B561 /* ZipReadStream.h */,
				EAA4E3E214FD58920025B561 /* ZipReadStream.m */,
				ED4430A71B18CFDF007A3256 /* ZipWithProgress.h */,
				ED4430A81B18CFDF007A3256 /* ZipWithProgress.mm */,
				EAA4E3E314FD58920025B561 /* ZipWriteStream.h */,
				EAA4E3E414FD58920025B561 /* ZipWriteStream.m */,
			);
			path = "Objective-Zip";
			sourceTree = "<group>";
		};
/* End PBXGroup section */

/* Begin PBXHeadersBuildPhase section */
		EAA4E3B914FD56B70025B561 /* Headers */ = {
			isa = PBXHeadersBuildPhase;
			buildActionMask = 2147483647;
			files = (
				EAA4E3E614FD58920025B561 /* ioapi.h in Headers */,
				EAA4E3EA14FD58920025B561 /* unzip.h in Headers */,
				03510FDD1B1CB4CE007EA388 /* UnzipWithProgress.h in Headers */,
				EDBCB5E41B1E5E4300C41248 /* crypt.h in Headers */,
				03510FFF1B21CF8D007EA388 /* ZipProgressBase.h in Headers */,
				03510FE21B1CB578007EA388 /* ProgressDelegate.h in Headers */,
				EAA4E3EC14FD58920025B561 /* zip.h in Headers */,
				EAA4E3ED14FD58920025B561 /* FileInZipInfo.h in Headers */,
				EAA4E3EF14FD58920025B561 /* ZipException.h in Headers */,
				EAA4E3F114FD58920025B561 /* ZipFile.h in Headers */,
				EAA4E3F314FD58920025B561 /* ZipReadStream.h in Headers */,
				EAA4E3F514FD58920025B561 /* ZipWriteStream.h in Headers */,
				ED4430A91B18CFDF007A3256 /* ZipWithProgress.h in Headers */,
			);
			runOnlyForDeploymentPostprocessing = 0;
		};
		ED4430B91B191090007A3256 /* Headers */ = {
			isa = PBXHeadersBuildPhase;
			buildActionMask = 2147483647;
			files = (
				ED4430BE1B191090007A3256 /* FileInZipInfo.h in Headers */,
				ED4430BF1B191090007A3256 /* ZipException.h in Headers */,
				ED4430C01B191090007A3256 /* ZipFile.h in Headers */,
				EDBCB5E51B1E5E4300C41248 /* crypt.h in Headers */,
				035110001B21CF8D007EA388 /* ZipProgressBase.h in Headers */,
				03510FDE1B1CB4CE007EA388 /* UnzipWithProgress.h in Headers */,
				03510FE31B1CB578007EA388 /* ProgressDelegate.h in Headers */,
				ED4430C11B191090007A3256 /* ZipReadStream.h in Headers */,
				ED4430C21B191090007A3256 /* ZipWriteStream.h in Headers */,
				ED4430C31B191090007A3256 /* ZipWithProgress.h in Headers */,
				ED4430BA1B191090007A3256 /* ioapi.h in Headers */,
				ED4430BC1B191090007A3256 /* unzip.h in Headers */,
				ED4430BD1B191090007A3256 /* zip.h in Headers */,
			);
			runOnlyForDeploymentPostprocessing = 0;
		};
/* End PBXHeadersBuildPhase section */

/* Begin PBXNativeTarget section */
		EAA4E3BA14FD56B70025B561 /* Objective-Zip */ = {
			isa = PBXNativeTarget;
			buildConfigurationList = EAA4E3C814FD56B70025B561 /* Build configuration list for PBXNativeTarget "Objective-Zip" */;
			buildPhases = (
				EAA4E3B714FD56B70025B561 /* Sources */,
				EAA4E3B814FD56B70025B561 /* Frameworks */,
				EAA4E3B914FD56B70025B561 /* Headers */,
			);
			buildRules = (
			);
			dependencies = (
			);
			name = "Objective-Zip";
			productName = ObjectiveZipLib;
			productReference = EAA4E3BB14FD56B70025B561 /* libObjective-Zip.a */;
			productType = "com.apple.product-type.library.static";
		};
		ED4430AB1B191090007A3256 /* Objective-Zip-OSX */ = {
			isa = PBXNativeTarget;
			buildConfigurationList = ED4430C41B191090007A3256 /* Build configuration list for PBXNativeTarget "Objective-Zip-OSX" */;
			buildPhases = (
				ED4430AC1B191090007A3256 /* Sources */,
				ED4430B71B191090007A3256 /* Frameworks */,
				ED4430B91B191090007A3256 /* Headers */,
			);
			buildRules = (
			);
			dependencies = (
			);
			name = "Objective-Zip-OSX";
			productName = ObjectiveZipLib;
			productReference = ED4430C81B191090007A3256 /* libObjective-Zip-OSX.a */;
			productType = "com.apple.product-type.library.static";
		};
/* End PBXNativeTarget section */

/* Begin PBXProject section */
		EAA4E3B214FD56B70025B561 /* Project object */ = {
			isa = PBXProject;
			attributes = {
				LastUpgradeCheck = 0630;
				ORGANIZATIONNAME = "";
			};
			buildConfigurationList = EAA4E3B514FD56B70025B561 /* Build configuration list for PBXProject "Objective-Zip" */;
			compatibilityVersion = "Xcode 3.2";
			developmentRegion = English;
			hasScannedForEncodings = 0;
			knownRegions = (
				en,
			);
			mainGroup = EAA4E3B014FD56B70025B561;
			productRefGroup = EAA4E3BC14FD56B70025B561 /* Products */;
			projectDirPath = "";
			projectRoot = "";
			targets = (
				EAA4E3BA14FD56B70025B561 /* Objective-Zip */,
				ED4430AB1B191090007A3256 /* Objective-Zip-OSX */,
			);
		};
/* End PBXProject section */

/* Begin PBXSourcesBuildPhase section */
		EAA4E3B714FD56B70025B561 /* Sources */ = {
			isa = PBXSourcesBuildPhase;
			buildActionMask = 2147483647;
			files = (
				EAA4E3E514FD58920025B561 /* ioapi.c in Sources */,
				EAA4E3E914FD58920025B561 /* unzip.c in Sources */,
				EAA4E3EB14FD58920025B561 /* zip.c in Sources */,
				ED4430AA1B18CFDF007A3256 /* ZipWithProgress.mm in Sources */,
				EAA4E3EE14FD58920025B561 /* FileInZipInfo.m in Sources */,
				03510FDF1B1CB4CE007EA388 /* UnzipWithProgress.mm in Sources */,
				EAA4E3F014FD58920025B561 /* ZipException.m in Sources */,
				EAA4E3F214FD58920025B561 /* ZipFile.m in Sources */,
				035110011B21CF8D007EA388 /* ZipProgressBase.mm in Sources */,
				EAA4E3F414FD58920025B561 /* ZipReadStream.m in Sources */,
				EAA4E3F614FD58920025B561 /* ZipWriteStream.m in Sources */,
			);
			runOnlyForDeploymentPostprocessing = 0;
		};
		ED4430AC1B191090007A3256 /* Sources */ = {
			isa = PBXSourcesBuildPhase;
			buildActionMask = 2147483647;
			files = (
				ED4430AD1B191090007A3256 /* ioapi.c in Sources */,
				ED4430AF1B191090007A3256 /* unzip.c in Sources */,
				ED4430B01B191090007A3256 /* zip.c in Sources */,
				ED4430B11B191090007A3256 /* ZipWithProgress.mm in Sources */,
				ED4430B21B191090007A3256 /* FileInZipInfo.m in Sources */,
				03510FE01B1CB4CE007EA388 /* UnzipWithProgress.mm in Sources */,
				ED4430B31B191090007A3256 /* ZipException.m in Sources */,
				ED4430B41B191090007A3256 /* ZipFile.m in Sources */,
				035110021B21CF8D007EA388 /* ZipProgressBase.mm in Sources */,
				ED4430B51B191090007A3256 /* ZipReadStream.m in Sources */,
				ED4430B61B191090007A3256 /* ZipWriteStream.m in Sources */,
			);
			runOnlyForDeploymentPostprocessing = 0;
		};
/* End PBXSourcesBuildPhase section */

/* Begin XCBuildConfiguration section */
		EA1EAE901589709500560FEE /* Ad Hoc */ = {
			isa = XCBuildConfiguration;
			buildSettings = {
				ALWAYS_SEARCH_USER_PATHS = NO;
				COPY_PHASE_STRIP = YES;
				GCC_C_LANGUAGE_STANDARD = gnu99;
				GCC_THUMB_SUPPORT = NO;
				GCC_VERSION = "";
				GCC_WARN_ABOUT_RETURN_TYPE = YES;
				GCC_WARN_UNINITIALIZED_AUTOS = YES;
				GCC_WARN_UNUSED_VARIABLE = YES;
				IPHONEOS_DEPLOYMENT_TARGET = 5.1.1;
				MACOSX_DEPLOYMENT_TARGET = 10.9;
				PUBLIC_HEADERS_FOLDER_PATH = "Objective-Zip";
				SDKROOT = iphoneos;
				VALIDATE_PRODUCT = YES;
			};
			name = "Ad Hoc";
		};
		EA1EAE911589709500560FEE /* Ad Hoc */ = {
			isa = XCBuildConfiguration;
			buildSettings = {
				CLANG_ENABLE_OBJC_ARC = YES;
				DSTROOT = /tmp/ObjectiveZipLib.dst;
				GCC_PRECOMPILE_PREFIX_HEADER = YES;
				GCC_PREFIX_HEADER = "Objective-Zip-Prefix.pch";
				GCC_THUMB_SUPPORT = NO;
				OTHER_LDFLAGS = "-ObjC";
				PRODUCT_NAME = "Objective-Zip";
				SKIP_INSTALL = YES;
			};
			name = "Ad Hoc";
		};
		EAA4E3C614FD56B70025B561 /* Debug */ = {
			isa = XCBuildConfiguration;
			buildSettings = {
				ALWAYS_SEARCH_USER_PATHS = NO;
				COPY_PHASE_STRIP = NO;
				GCC_C_LANGUAGE_STANDARD = gnu99;
				GCC_DYNAMIC_NO_PIC = NO;
				GCC_OPTIMIZATION_LEVEL = 0;
				GCC_PREPROCESSOR_DEFINITIONS = (
					"DEBUG=1",
					"$(inherited)",
				);
				GCC_SYMBOLS_PRIVATE_EXTERN = NO;
				GCC_THUMB_SUPPORT = NO;
				GCC_VERSION = "";
				GCC_WARN_ABOUT_RETURN_TYPE = YES;
				GCC_WARN_UNINITIALIZED_AUTOS = YES;
				GCC_WARN_UNUSED_VARIABLE = YES;
				IPHONEOS_DEPLOYMENT_TARGET = 5.1.1;
				MACOSX_DEPLOYMENT_TARGET = 10.9;
				ONLY_ACTIVE_ARCH = YES;
				PUBLIC_HEADERS_FOLDER_PATH = "Objective-Zip";
				SDKROOT = iphoneos;
			};
			name = Debug;
		};
		EAA4E3C714FD56B70025B561 /* Release */ = {
			isa = XCBuildConfiguration;
			buildSettings = {
				ALWAYS_SEARCH_USER_PATHS = NO;
				COPY_PHASE_STRIP = YES;
				GCC_C_LANGUAGE_STANDARD = gnu99;
				GCC_THUMB_SUPPORT = NO;
				GCC_VERSION = "";
				GCC_WARN_ABOUT_RETURN_TYPE = YES;
				GCC_WARN_UNINITIALIZED_AUTOS = YES;
				GCC_WARN_UNUSED_VARIABLE = YES;
				IPHONEOS_DEPLOYMENT_TARGET = 5.1.1;
				MACOSX_DEPLOYMENT_TARGET = 10.9;
				PUBLIC_HEADERS_FOLDER_PATH = "Objective-Zip";
				SDKROOT = iphoneos;
				VALIDATE_PRODUCT = YES;
			};
			name = Release;
		};
		EAA4E3C914FD56B70025B561 /* Debug */ = {
			isa = XCBuildConfiguration;
			buildSettings = {
				CLANG_ENABLE_OBJC_ARC = YES;
				DSTROOT = /tmp/ObjectiveZipLib.dst;
				GCC_PRECOMPILE_PREFIX_HEADER = YES;
				GCC_PREFIX_HEADER = "Objective-Zip-Prefix.pch";
				GCC_THUMB_SUPPORT = NO;
				OTHER_LDFLAGS = "-ObjC";
				PRODUCT_NAME = "Objective-Zip";
				SKIP_INSTALL = YES;
			};
			name = Debug;
		};
		EAA4E3CA14FD56B70025B561 /* Release */ = {
			isa = XCBuildConfiguration;
			buildSettings = {
				CLANG_ENABLE_OBJC_ARC = YES;
				DSTROOT = /tmp/ObjectiveZipLib.dst;
				GCC_PRECOMPILE_PREFIX_HEADER = YES;
				GCC_PREFIX_HEADER = "Objective-Zip-Prefix.pch";
				GCC_THUMB_SUPPORT = NO;
				OTHER_LDFLAGS = "-ObjC";
				PRODUCT_NAME = "Objective-Zip";
				SKIP_INSTALL = YES;
			};
			name = Release;
		};
		ED4430C51B191090007A3256 /* Debug */ = {
			isa = XCBuildConfiguration;
			buildSettings = {
				CLANG_CXX_LIBRARY = "libstdc++";
				CLANG_ENABLE_OBJC_ARC = YES;
				DSTROOT = /tmp/ObjectiveZipLib.dst;
				GCC_PRECOMPILE_PREFIX_HEADER = YES;
				GCC_PREFIX_HEADER = "Objective-Zip-Prefix.pch";
				GCC_THUMB_SUPPORT = NO;
				OTHER_LDFLAGS = "-ObjC";
				PRODUCT_NAME = "Objective-Zip-OSX";
				SDKROOT = macosx;
				SKIP_INSTALL = YES;
			};
			name = Debug;
		};
		ED4430C61B191090007A3256 /* Release */ = {
			isa = XCBuildConfiguration;
			buildSettings = {
				CLANG_CXX_LIBRARY = "libstdc++";
				CLANG_ENABLE_OBJC_ARC = YES;
				DSTROOT = /tmp/ObjectiveZipLib.dst;
				GCC_PRECOMPILE_PREFIX_HEADER = YES;
				GCC_PREFIX_HEADER = "Objective-Zip-Prefix.pch";
				GCC_THUMB_SUPPORT = NO;
				OTHER_LDFLAGS = "-ObjC";
				PRODUCT_NAME = "Objective-Zip-OSX";
				SDKROOT = macosx;
				SKIP_INSTALL = YES;
			};
			name = Release;
		};
		ED4430C71B191090007A3256 /* Ad Hoc */ = {
			isa = XCBuildConfiguration;
			buildSettings = {
				CLANG_CXX_LIBRARY = "libstdc++";
				CLANG_ENABLE_OBJC_ARC = YES;
				DSTROOT = /tmp/ObjectiveZipLib.dst;
				GCC_PRECOMPILE_PREFIX_HEADER = YES;
				GCC_PREFIX_HEADER = "Objective-Zip-Prefix.pch";
				GCC_THUMB_SUPPORT = NO;
				OTHER_LDFLAGS = "-ObjC";
				PRODUCT_NAME = "Objective-Zip-OSX";
				SDKROOT = macosx;
				SKIP_INSTALL = YES;
			};
			name = "Ad Hoc";
		};
/* End XCBuildConfiguration section */

/* Begin XCConfigurationList section */
		EAA4E3B514FD56B70025B561 /* Build configuration list for PBXProject "Objective-Zip" */ = {
			isa = XCConfigurationList;
			buildConfigurations = (
				EAA4E3C614FD56B70025B561 /* Debug */,
				EAA4E3C714FD56B70025B561 /* Release */,
				EA1EAE901589709500560FEE /* Ad Hoc */,
			);
			defaultConfigurationIsVisible = 0;
			defaultConfigurationName = Release;
		};
		EAA4E3C814FD56B70025B561 /* Build configuration list for PBXNativeTarget "Objective-Zip" */ = {
			isa = XCConfigurationList;
			buildConfigurations = (
				EAA4E3C914FD56B70025B561 /* Debug */,
				EAA4E3CA14FD56B70025B561 /* Release */,
				EA1EAE911589709500560FEE /* Ad Hoc */,
			);
			defaultConfigurationIsVisible = 0;
			defaultConfigurationName = Release;
		};
		ED4430C41B191090007A3256 /* Build configuration list for PBXNativeTarget "Objective-Zip-OSX" */ = {
			isa = XCConfigurationList;
			buildConfigurations = (
				ED4430C51B191090007A3256 /* Debug */,
				ED4430C61B191090007A3256 /* Release */,
				ED4430C71B191090007A3256 /* Ad Hoc */,
			);
			defaultConfigurationIsVisible = 0;
			defaultConfigurationName = Release;
		};
/* End XCConfigurationList section */
	};
	rootObject = EAA4E3B214FD56B70025B561 /* Project object */;
}
